
Microsoft Visual Studio Solution File, Format Version 12.00
# Visual Studio Version 17
VisualStudioVersion = 17.7.34031.279
MinimumVisualStudioVersion = 10.0.40219.1
Project("{FAE04EC0-301F-11D3-BF4B-00C04F79EFBC}") = "Task1_ASP", "Task1_ASP\Task1_ASP.csproj", "{EEA12BB9-F761-48BE-AF0E-FDB5243F974F}"
EndProject
Global
	GlobalSection(SolutionConfigurationPlatforms) = preSolution
		Debug|Any CPU = Debug|Any CPU
		Release|Any CPU = Release|Any CPU
	EndGlobalSection
	GlobalSection(ProjectConfigurationPlatforms) = postSolution
		{EEA12BB9-F761-48BE-AF0E-FDB5243F974F}.Debug|Any CPU.ActiveCfg = Debug|Any CPU
		{EEA12BB9-F761-48BE-AF0E-FDB5243F974F}.Debug|Any CPU.Build.0 = Debug|Any CPU
		{EEA12BB9-F761-48BE-AF0E-FDB5243F974F}.Release|Any CPU.ActiveCfg = Release|Any CPU
		{EEA12BB9-F761-48BE-AF0E-FDB5243F974F}.Release|Any CPU.Build.0 = Release|Any CPU
	EndGlobalSection
	GlobalSection(SolutionProperties) = preSolution
		HideSolutionNode = FALSE
	EndGlobalSection
	GlobalSection(ExtensibilityGlobals) = postSolution
		SolutionGuid = {0D0526D7-709C-4918-88CE-413D84D73575}
	EndGlobalSection
EndGlobal
